
Microsoft Visual Studio Solution File, Format Version 12.00
# Visual Studio Version 16
VisualStudioVersion = 16.0.28729.10
MinimumVisualStudioVersion = 10.0.40219.1
Project("{9A19103F-16F7-4668-BE54-9A1E7A4F7556}") = "Stocker", "Stocker\Stocker.csproj", "{3E30C1A7-642F-48F5-A09E-F90E9F9EDDB0}"
EndProject
Project("{9A19103F-16F7-4668-BE54-9A1E7A4F7556}") = "Stocker.Data", "Stocker.Data\Stocker.Data.csproj", "{6B429493-3D11-460D-A893-AC6376E81B16}"
EndProject
Project("{FAE04EC0-301F-11D3-BF4B-00C04F79EFBC}") = "Stocker.Function", "Stocker.Function\Stocker.Function.csproj", "{91927857-9C40-4182-A0B6-2F14A9005DD2}"
EndProject
Global
	GlobalSection(SolutionConfigurationPlatforms) = preSolution
		Debug|Any CPU = Debug|Any CPU
		Release|Any CPU = Release|Any CPU
	EndGlobalSection
	GlobalSection(ProjectConfigurationPlatforms) = postSolution
		{3E30C1A7-642F-48F5-A09E-F90E9F9EDDB0}.Debug|Any CPU.ActiveCfg = Debug|Any CPU
		{3E30C1A7-642F-48F5-A09E-F90E9F9EDDB0}.Debug|Any CPU.Build.0 = Debug|Any CPU
		{3E30C1A7-642F-48F5-A09E-F90E9F9EDDB0}.Release|Any CPU.ActiveCfg = Release|Any CPU
		{3E30C1A7-642F-48F5-A09E-F90E9F9EDDB0}.Release|Any CPU.Build.0 = Release|Any CPU
		{6B429493-3D11-460D-A893-AC6376E81B16}.Debug|Any CPU.ActiveCfg = Debug|Any CPU
		{6B429493-3D11-460D-A893-AC6376E81B16}.Debug|Any CPU.Build.0 = Debug|Any CPU
		{6B429493-3D11-460D-A893-AC6376E81B16}.Release|Any CPU.ActiveCfg = Release|Any CPU
		{6B429493-3D11-460D-A893-AC6376E81B16}.Release|Any CPU.Build.0 = Release|Any CPU
		{91927857-9C40-4182-A0B6-2F14A9005DD2}.Debug|Any CPU.ActiveCfg = Debug|Any CPU
		{91927857-9C40-4182-A0B6-2F14A9005DD2}.Debug|Any CPU.Build.0 = Debug|Any CPU
		{91927857-9C40-4182-A0B6-2F14A9005DD2}.Release|Any CPU.ActiveCfg = Release|Any CPU
		{91927857-9C40-4182-A0B6-2F14A9005DD2}.Release|Any CPU.Build.0 = Release|Any CPU
	EndGlobalSection
	GlobalSection(SolutionProperties) = preSolution
		HideSolutionNode = FALSE
	EndGlobalSection
	GlobalSection(ExtensibilityGlobals) = postSolution
		SolutionGuid = {1DFE41AD-27E1-4533-B455-65C6248B5A17}
	EndGlobalSection
EndGlobal
