
Microsoft Visual Studio Solution File, Format Version 12.00
# Visual Studio 15
VisualStudioVersion = 15.0.27703.2035
MinimumVisualStudioVersion = 10.0.40219.1
Project("{FAE04EC0-301F-11D3-BF4B-00C04F79EFBC}") = "Stocker", "Stocker\Stocker.csproj", "{3E30C1A7-642F-48F5-A09E-F90E9F9EDDB0}"
EndProject
Project("{FAE04EC0-301F-11D3-BF4B-00C04F79EFBC}") = "Stocker.Data", "Stocker.Data\Stocker.Data.csproj", "{6B429493-3D11-460D-A893-AC6376E81B16}"
EndProject
Global
	GlobalSection(SolutionConfigurationPlatforms) = preSolution
		Debug|Any CPU = Debug|Any CPU
		Release|Any CPU = Release|Any CPU
	EndGlobalSection
	GlobalSection(ProjectConfigurationPlatforms) = postSolution
		{3E30C1A7-642F-48F5-A09E-F90E9F9EDDB0}.Debug|Any CPU.ActiveCfg = Debug|Any CPU
		{3E30C1A7-642F-48F5-A09E-F90E9F9EDDB0}.Debug|Any CPU.Build.0 = Debug|Any CPU
		{3E30C1A7-642F-48F5-A09E-F90E9F9EDDB0}.Release|Any CPU.ActiveCfg = Release|Any CPU
		{3E30C1A7-642F-48F5-A09E-F90E9F9EDDB0}.Release|Any CPU.Build.0 = Release|Any CPU
		{6B429493-3D11-460D-A893-AC6376E81B16}.Debug|Any CPU.ActiveCfg = Debug|Any CPU
		{6B429493-3D11-460D-A893-AC6376E81B16}.Debug|Any CPU.Build.0 = Debug|Any CPU
		{6B429493-3D11-460D-A893-AC6376E81B16}.Release|Any CPU.ActiveCfg = Release|Any CPU
		{6B429493-3D11-460D-A893-AC6376E81B16}.Release|Any CPU.Build.0 = Release|Any CPU
	EndGlobalSection
	GlobalSection(SolutionProperties) = preSolution
		HideSolutionNode = FALSE
	EndGlobalSection
	GlobalSection(ExtensibilityGlobals) = postSolution
		SolutionGuid = {1DFE41AD-27E1-4533-B455-65C6248B5A17}
	EndGlobalSection
EndGlobal
