
Microsoft Visual Studio Solution File, Format Version 12.00
# Visual Studio Version 16
VisualStudioVersion = 16.0.29806.167
MinimumVisualStudioVersion = 10.0.40219.1
Project("{2150E333-8FDC-42A3-9474-1A3956D46DE8}") = "Tests", "Tests", "{536E9E15-1BD6-4B2E-A7E8-A4D64FC08DE0}"
EndProject
Project("{9A19103F-16F7-4668-BE54-9A1E7A4F7556}") = "StockParser.Data", "StockParser.Data\StockParser.Data.csproj", "{DB08C53F-C3B8-4EEB-B78B-A93CEBFF2F80}"
EndProject
Project("{9A19103F-16F7-4668-BE54-9A1E7A4F7556}") = "StockParser.Web", "StockParser.Web\StockParser.Web.csproj", "{B74825E2-E250-4D2C-ACE4-25005C824294}"
EndProject
Project("{9A19103F-16F7-4668-BE54-9A1E7A4F7556}") = "StockParser.NoSql", "StockParser.NoSql\StockParser.NoSql.csproj", "{20817698-2DB1-4AE1-A24A-10A021DD2508}"
EndProject
Project("{9A19103F-16F7-4668-BE54-9A1E7A4F7556}") = "StockParser.Domain", "StockParser.Domain\StockParser.Domain.csproj", "{714EFCC1-5CC2-4D2D-9A03-6D224F6C2B57}"
EndProject
Project("{9A19103F-16F7-4668-BE54-9A1E7A4F7556}") = "StockParser.Data.Tests", "Tests\StockParser.Data.Tests\StockParser.Data.Tests.csproj", "{549E28E8-58F8-43F2-B6AB-2C3A48E5A05C}"
EndProject
Project("{9A19103F-16F7-4668-BE54-9A1E7A4F7556}") = "StockParser.Common", "StockParser.Common\StockParser.Common.csproj", "{CBEFF9E2-26D3-4F40-B456-7363830987A1}"
EndProject
Global
	GlobalSection(SolutionConfigurationPlatforms) = preSolution
		Debug|Any CPU = Debug|Any CPU
		Release|Any CPU = Release|Any CPU
	EndGlobalSection
	GlobalSection(ProjectConfigurationPlatforms) = postSolution
		{DB08C53F-C3B8-4EEB-B78B-A93CEBFF2F80}.Debug|Any CPU.ActiveCfg = Debug|Any CPU
		{DB08C53F-C3B8-4EEB-B78B-A93CEBFF2F80}.Debug|Any CPU.Build.0 = Debug|Any CPU
		{DB08C53F-C3B8-4EEB-B78B-A93CEBFF2F80}.Release|Any CPU.ActiveCfg = Release|Any CPU
		{DB08C53F-C3B8-4EEB-B78B-A93CEBFF2F80}.Release|Any CPU.Build.0 = Release|Any CPU
		{B74825E2-E250-4D2C-ACE4-25005C824294}.Debug|Any CPU.ActiveCfg = Debug|Any CPU
		{B74825E2-E250-4D2C-ACE4-25005C824294}.Debug|Any CPU.Build.0 = Debug|Any CPU
		{B74825E2-E250-4D2C-ACE4-25005C824294}.Release|Any CPU.ActiveCfg = Release|Any CPU
		{B74825E2-E250-4D2C-ACE4-25005C824294}.Release|Any CPU.Build.0 = Release|Any CPU
		{20817698-2DB1-4AE1-A24A-10A021DD2508}.Debug|Any CPU.ActiveCfg = Debug|Any CPU
		{20817698-2DB1-4AE1-A24A-10A021DD2508}.Debug|Any CPU.Build.0 = Debug|Any CPU
		{20817698-2DB1-4AE1-A24A-10A021DD2508}.Release|Any CPU.ActiveCfg = Release|Any CPU
		{20817698-2DB1-4AE1-A24A-10A021DD2508}.Release|Any CPU.Build.0 = Release|Any CPU
		{714EFCC1-5CC2-4D2D-9A03-6D224F6C2B57}.Debug|Any CPU.ActiveCfg = Debug|Any CPU
		{714EFCC1-5CC2-4D2D-9A03-6D224F6C2B57}.Debug|Any CPU.Build.0 = Debug|Any CPU
		{714EFCC1-5CC2-4D2D-9A03-6D224F6C2B57}.Release|Any CPU.ActiveCfg = Release|Any CPU
		{714EFCC1-5CC2-4D2D-9A03-6D224F6C2B57}.Release|Any CPU.Build.0 = Release|Any CPU
		{549E28E8-58F8-43F2-B6AB-2C3A48E5A05C}.Debug|Any CPU.ActiveCfg = Debug|Any CPU
		{549E28E8-58F8-43F2-B6AB-2C3A48E5A05C}.Debug|Any CPU.Build.0 = Debug|Any CPU
		{549E28E8-58F8-43F2-B6AB-2C3A48E5A05C}.Release|Any CPU.ActiveCfg = Release|Any CPU
		{549E28E8-58F8-43F2-B6AB-2C3A48E5A05C}.Release|Any CPU.Build.0 = Release|Any CPU
		{CBEFF9E2-26D3-4F40-B456-7363830987A1}.Debug|Any CPU.ActiveCfg = Debug|Any CPU
		{CBEFF9E2-26D3-4F40-B456-7363830987A1}.Debug|Any CPU.Build.0 = Debug|Any CPU
		{CBEFF9E2-26D3-4F40-B456-7363830987A1}.Release|Any CPU.ActiveCfg = Release|Any CPU
		{CBEFF9E2-26D3-4F40-B456-7363830987A1}.Release|Any CPU.Build.0 = Release|Any CPU
	EndGlobalSection
	GlobalSection(SolutionProperties) = preSolution
		HideSolutionNode = FALSE
	EndGlobalSection
	GlobalSection(NestedProjects) = preSolution
		{549E28E8-58F8-43F2-B6AB-2C3A48E5A05C} = {536E9E15-1BD6-4B2E-A7E8-A4D64FC08DE0}
	EndGlobalSection
	GlobalSection(ExtensibilityGlobals) = postSolution
		SolutionGuid = {1DFE41AD-27E1-4533-B455-65C6248B5A17}
	EndGlobalSection
EndGlobal
